// !$*UTF8*$!
{
	archiveVersion = 1;
	classes = {
	};
	objectVersion = 46;
	objects = {

/* Begin PBXBuildFile section */
		3201088596B4756681693705 /* libThree20UICommon.a in Frameworks */ = {isa = PBXBuildFile; fileRef = 3201088596B4756681693704 /* libThree20UICommon.a */; };
		320A2827FEC940B25BC42C65 /* libThree20Core.a in Frameworks */ = {isa = PBXBuildFile; fileRef = 320A2827FEC940B25BC42C64 /* libThree20Core.a */; };
		320A5A189C235877202780D5 /* libThree20Network.a in Frameworks */ = {isa = PBXBuildFile; fileRef = 320A5A189C235877202780D4 /* libThree20Network.a */; };
		320A737074758E53BA54BE95 /* libThree20UINavigator.a in Frameworks */ = {isa = PBXBuildFile; fileRef = 320A737074758E53BA54BE94 /* libThree20UINavigator.a */; };
		320AF8492C47A4D819F7C451 /* QuartzCore.framework in Frameworks */ = {isa = PBXBuildFile; fileRef = 320AF8492C47A4D819F7C450 /* QuartzCore.framework */; };
		320B6C86F11D9990244A9731 /* Three20.bundle in Resources */ = {isa = PBXBuildFile; fileRef = 320B6C86F11D9990244A9730 /* Three20.bundle */; };
		320CC833B8AF0ACFD35E6225 /* libThree20Style.a in Frameworks */ = {isa = PBXBuildFile; fileRef = 320CC833B8AF0ACFD35E6224 /* libThree20Style.a */; };
		320D7DCCE32703ACAB9A45E5 /* libThree20.a in Frameworks */ = {isa = PBXBuildFile; fileRef = 320D7DCCE32703ACAB9A45E4 /* libThree20.a */; };
		320F2C48872C2E2C4DF86205 /* libThree20UI.a in Frameworks */ = {isa = PBXBuildFile; fileRef = 320F2C48872C2E2C4DF86204 /* libThree20UI.a */; };
		42802F3F13B98E0100884489 /* NewsViewController.m in Sources */ = {isa = PBXBuildFile; fileRef = 42802F3C13B98E0100884489 /* NewsViewController.m */; };
		42802F4313B990CA00884489 /* AppDelegate.m in Sources */ = {isa = PBXBuildFile; fileRef = 42802F4213B990CA00884489 /* AppDelegate.m */; };
		42802F5113B9960500884489 /* dashboard_button_default.png in Resources */ = {isa = PBXBuildFile; fileRef = 42802F4613B9960500884489 /* dashboard_button_default.png */; };
		42802F5213B9960500884489 /* dashboard_button_focused.png in Resources */ = {isa = PBXBuildFile; fileRef = 42802F4713B9960500884489 /* dashboard_button_focused.png */; };
		42802F5313B9960500884489 /* facebook.png in Resources */ = {isa = PBXBuildFile; fileRef = 42802F4813B9960500884489 /* facebook.png */; };
		42802F5413B9960500884489 /* foursquare.png in Resources */ = {isa = PBXBuildFile; fileRef = 42802F4913B9960500884489 /* foursquare.png */; };
		42802F5513B9960500884489 /* icon.png in Resources */ = {isa = PBXBuildFile; fileRef = 42802F4A13B9960500884489 /* icon.png */; };
		42802F5613B9960500884489 /* icon_ad.png in Resources */ = {isa = PBXBuildFile; fileRef = 42802F4B13B9960500884489 /* icon_ad.png */; };
		42802F5713B9960500884489 /* icon_home.png in Resources */ = {isa = PBXBuildFile; fileRef = 42802F4C13B9960500884489 /* icon_home.png */; };
		42802F5813B9960500884489 /* icon_logo.png in Resources */ = {isa = PBXBuildFile; fileRef = 42802F4D13B9960500884489 /* icon_logo.png */; };
		42802F5913B9960500884489 /* rss.png in Resources */ = {isa = PBXBuildFile; fileRef = 42802F4E13B9960500884489 /* rss.png */; };
		42802F5A13B9960500884489 /* twitter.png in Resources */ = {isa = PBXBuildFile; fileRef = 42802F4F13B9960500884489 /* twitter.png */; };
		42802F5B13B9960500884489 /* youtube.png in Resources */ = {isa = PBXBuildFile; fileRef = 42802F5013B9960500884489 /* youtube.png */; };
		42802F5E13B9EFBF00884489 /* MapscreenViewController.m in Sources */ = {isa = PBXBuildFile; fileRef = 42802F5D13B9EFBF00884489 /* MapscreenViewController.m */; };
		42802F6113BA248C00884489 /* HomeViewController.m in Sources */ = {isa = PBXBuildFile; fileRef = 42802F6013BA248C00884489 /* HomeViewController.m */; };
		42802F6C13BA337500884489 /* PartnersViewController.m in Sources */ = {isa = PBXBuildFile; fileRef = 42802F6313BA337200884489 /* PartnersViewController.m */; };
		42802F6D13BA337500884489 /* RidersViewController.m in Sources */ = {isa = PBXBuildFile; fileRef = 42802F6513BA337300884489 /* RidersViewController.m */; };
		42802F6E13BA337500884489 /* ScheduleViewController.m in Sources */ = {isa = PBXBuildFile; fileRef = 42802F6713BA337300884489 /* ScheduleViewController.m */; };
		42802F6F13BA337500884489 /* SocialViewController.m in Sources */ = {isa = PBXBuildFile; fileRef = 42802F6913BA337400884489 /* SocialViewController.m */; };
		42802F7013BA337500884489 /* VideosViewController.m in Sources */ = {isa = PBXBuildFile; fileRef = 42802F6B13BA337400884489 /* VideosViewController.m */; };
		42802F7313BB6DE300884489 /* MockDataSource.m in Sources */ = {isa = PBXBuildFile; fileRef = 42802F7213BB6DE200884489 /* MockDataSource.m */; };
		42802F7A13BB75A200884489 /* events_items.xml in Resources */ = {isa = PBXBuildFile; fileRef = 42802F7513BB75A200884489 /* events_items.xml */; };
		42802F7B13BB75A200884489 /* news_items.xml in Resources */ = {isa = PBXBuildFile; fileRef = 42802F7613BB75A200884489 /* news_items.xml */; };
		42802F7C13BB75A200884489 /* partners_items.xml in Resources */ = {isa = PBXBuildFile; fileRef = 42802F7713BB75A200884489 /* partners_items.xml */; };
		42802F7D13BB75A200884489 /* schedule_items.xml in Resources */ = {isa = PBXBuildFile; fileRef = 42802F7813BB75A200884489 /* schedule_items.xml */; };
		42802F7E13BB75A200884489 /* settings.xml in Resources */ = {isa = PBXBuildFile; fileRef = 42802F7913BB75A200884489 /* settings.xml */; };
		42802F9313BC708700884489 /* UIDevice-Capabilities.m in Sources */ = {isa = PBXBuildFile; fileRef = 42802F8A13BC708700884489 /* UIDevice-Capabilities.m */; };
		42802F9413BC708700884489 /* UIDevice-Hardware.m in Sources */ = {isa = PBXBuildFile; fileRef = 42802F8C13BC708700884489 /* UIDevice-Hardware.m */; };
		42802F9513BC708700884489 /* UIDevice-IOKitExtensions.m in Sources */ = {isa = PBXBuildFile; fileRef = 42802F8E13BC708700884489 /* UIDevice-IOKitExtensions.m */; };
		42802F9613BC708700884489 /* UIDevice-Orientation.m in Sources */ = {isa = PBXBuildFile; fileRef = 42802F9013BC708700884489 /* UIDevice-Orientation.m */; };
		42802F9713BC708700884489 /* UIDevice-Reachability.m in Sources */ = {isa = PBXBuildFile; fileRef = 42802F9213BC708700884489 /* UIDevice-Reachability.m */; };
		42802F9A13BC71A900884489 /* wwanconnect.c in Sources */ = {isa = PBXBuildFile; fileRef = 42802F9813BC71A800884489 /* wwanconnect.c */; };
		42802F9C13BC72BA00884489 /* IOKit.framework in Frameworks */ = {isa = PBXBuildFile; fileRef = 42802F9B13BC72BA00884489 /* IOKit.framework */; };
		42802FA813BC736C00884489 /* SystemConfiguration.framework in Frameworks */ = {isa = PBXBuildFile; fileRef = 42802FA713BC736C00884489 /* SystemConfiguration.framework */; };
		42802FD313BCD2ED00884489 /* FeedItem.m in Sources */ = {isa = PBXBuildFile; fileRef = 42802FCA13BCD2DD00884489 /* FeedItem.m */; };
		42802FD413BCD2ED00884489 /* RSSFeedDataModel.m in Sources */ = {isa = PBXBuildFile; fileRef = 42802FCC13BCD2E100884489 /* RSSFeedDataModel.m */; };
		42802FD513BCD2ED00884489 /* RSSFeedDataSource.m in Sources */ = {isa = PBXBuildFile; fileRef = 42802FCE13BCD2E400884489 /* RSSFeedDataSource.m */; };
		42802FD613BCD2ED00884489 /* RSSFeedParser.m in Sources */ = {isa = PBXBuildFile; fileRef = 42802FD013BCD2EA00884489 /* RSSFeedParser.m */; };
		42802FD713BCD2ED00884489 /* EventsViewController.m in Sources */ = {isa = PBXBuildFile; fileRef = 42802FD213BCD2EC00884489 /* EventsViewController.m */; };
		42802FD913BCD54D00884489 /* feeds.xml in Resources */ = {isa = PBXBuildFile; fileRef = 42802FD813BCD54D00884489 /* feeds.xml */; };
		4280309E13BDCB1900884489 /* MockPhotoSource.m in Sources */ = {isa = PBXBuildFile; fileRef = 4280309D13BDCAF900884489 /* MockPhotoSource.m */; };
		42DD84C813B797E300F13883 /* UIKit.framework in Frameworks */ = {isa = PBXBuildFile; fileRef = 42DD84C713B797E300F13883 /* UIKit.framework */; };
		42DD84CA13B797E300F13883 /* Foundation.framework in Frameworks */ = {isa = PBXBuildFile; fileRef = 42DD84C913B797E300F13883 /* Foundation.framework */; };
		42DD84CC13B797E300F13883 /* CoreGraphics.framework in Frameworks */ = {isa = PBXBuildFile; fileRef = 42DD84CB13B797E300F13883 /* CoreGraphics.framework */; };
		42DD84D213B797E300F13883 /* InfoPlist.strings in Resources */ = {isa = PBXBuildFile; fileRef = 42DD84D013B797E300F13883 /* InfoPlist.strings */; };
		42DD84D513B797E300F13883 /* main.m in Sources */ = {isa = PBXBuildFile; fileRef = 42DD84D413B797E300F13883 /* main.m */; };
/* End PBXBuildFile section */

/* Begin PBXContainerItemProxy section */
		3201088596B4756681693702 /* PBXContainerItemProxy */ = {
			isa = PBXContainerItemProxy;
			containerPortal = 3201088596B4756681693700 /* Three20UICommon.xcodeproj */;
			proxyType = 1;
			remoteGlobalIDString = BEF31F390F352DF5000DE5D2;
			remoteInfo = Three20UICommon;
		};
		3201088596B4756681693706 /* PBXContainerItemProxy */ = {
			isa = PBXContainerItemProxy;
			containerPortal = 3201088596B4756681693700 /* Three20UICommon.xcodeproj */;
			proxyType = 2;
			remoteGlobalIDString = BEF31F3A0F352DF5000DE5D2;
			remoteInfo = Three20UICommon;
		};
		320A2827FEC940B25BC42C62 /* PBXContainerItemProxy */ = {
			isa = PBXContainerItemProxy;
			containerPortal = 320A2827FEC940B25BC42C60 /* Three20Core.xcodeproj */;
			proxyType = 1;
			remoteGlobalIDString = BEF31F390F352DF5000DE5D2;
			remoteInfo = Three20Core;
		};
		320A2827FEC940B25BC42C66 /* PBXContainerItemProxy */ = {
			isa = PBXContainerItemProxy;
			containerPortal = 320A2827FEC940B25BC42C60 /* Three20Core.xcodeproj */;
			proxyType = 2;
			remoteGlobalIDString = BEF31F3A0F352DF5000DE5D2;
			remoteInfo = Three20Core;
		};
		320A5A189C235877202780D2 /* PBXContainerItemProxy */ = {
			isa = PBXContainerItemProxy;
			containerPortal = 320A5A189C235877202780D0 /* Three20Network.xcodeproj */;
			proxyType = 1;
			remoteGlobalIDString = BEF31F390F352DF5000DE5D2;
			remoteInfo = Three20Network;
		};
		320A5A189C235877202780D6 /* PBXContainerItemProxy */ = {
			isa = PBXContainerItemProxy;
			containerPortal = 320A5A189C235877202780D0 /* Three20Network.xcodeproj */;
			proxyType = 2;
			remoteGlobalIDString = BEF31F3A0F352DF5000DE5D2;
			remoteInfo = Three20Network;
		};
		320A737074758E53BA54BE92 /* PBXContainerItemProxy */ = {
			isa = PBXContainerItemProxy;
			containerPortal = 320A737074758E53BA54BE90 /* Three20UINavigator.xcodeproj */;
			proxyType = 1;
			remoteGlobalIDString = BEF31F390F352DF5000DE5D2;
			remoteInfo = Three20UINavigator;
		};
		320A737074758E53BA54BE96 /* PBXContainerItemProxy */ = {
			isa = PBXContainerItemProxy;
			containerPortal = 320A737074758E53BA54BE90 /* Three20UINavigator.xcodeproj */;
			proxyType = 2;
			remoteGlobalIDString = BEF31F3A0F352DF5000DE5D2;
			remoteInfo = Three20UINavigator;
		};
		320CC833B8AF0ACFD35E6222 /* PBXContainerItemProxy */ = {
			isa = PBXContainerItemProxy;
			containerPortal = 320CC833B8AF0ACFD35E6220 /* Three20Style.xcodeproj */;
			proxyType = 1;
			remoteGlobalIDString = BEF31F390F352DF5000DE5D2;
			remoteInfo = Three20Style;
		};
		320CC833B8AF0ACFD35E6226 /* PBXContainerItemProxy */ = {
			isa = PBXContainerItemProxy;
			containerPortal = 320CC833B8AF0ACFD35E6220 /* Three20Style.xcodeproj */;
			proxyType = 2;
			remoteGlobalIDString = BEF31F3A0F352DF5000DE5D2;
			remoteInfo = Three20Style;
		};
		320D7DCCE32703ACAB9A45E2 /* PBXContainerItemProxy */ = {
			isa = PBXContainerItemProxy;
			containerPortal = 320D7DCCE32703ACAB9A45E0 /* Three20.xcodeproj */;
			proxyType = 1;
			remoteGlobalIDString = BEF31F390F352DF5000DE5D2;
			remoteInfo = Three20;
		};
		320D7DCCE32703ACAB9A45E6 /* PBXContainerItemProxy */ = {
			isa = PBXContainerItemProxy;
			containerPortal = 320D7DCCE32703ACAB9A45E0 /* Three20.xcodeproj */;
			proxyType = 2;
			remoteGlobalIDString = BEF31F3A0F352DF5000DE5D2;
			remoteInfo = Three20;
		};
		320F2C48872C2E2C4DF86202 /* PBXContainerItemProxy */ = {
			isa = PBXContainerItemProxy;
			containerPortal = 320F2C48872C2E2C4DF86200 /* Three20UI.xcodeproj */;
			proxyType = 1;
			remoteGlobalIDString = BEF31F390F352DF5000DE5D2;
			remoteInfo = Three20UI;
		};
		320F2C48872C2E2C4DF86206 /* PBXContainerItemProxy */ = {
			isa = PBXContainerItemProxy;
			containerPortal = 320F2C48872C2E2C4DF86200 /* Three20UI.xcodeproj */;
			proxyType = 2;
			remoteGlobalIDString = BEF31F3A0F352DF5000DE5D2;
			remoteInfo = Three20UI;
		};
		4280301F13BDACB600884489 /* PBXContainerItemProxy */ = {
			isa = PBXContainerItemProxy;
			containerPortal = 4280301513BDACB500884489 /* extThree20XML.xcodeproj */;
			proxyType = 2;
			remoteGlobalIDString = BEF31F3A0F352DF5000DE5D2;
			remoteInfo = extThree20XML;
		};
		4280302113BDACB600884489 /* PBXContainerItemProxy */ = {
			isa = PBXContainerItemProxy;
			containerPortal = 4280301513BDACB500884489 /* extThree20XML.xcodeproj */;
			proxyType = 2;
			remoteGlobalIDString = EB9E6C6210B6A8F800DE563C;
			remoteInfo = extThree20XMLUnitTests;
		};
		4280302513BDADBE00884489 /* PBXContainerItemProxy */ = {
			isa = PBXContainerItemProxy;
			containerPortal = 4280301513BDACB500884489 /* extThree20XML.xcodeproj */;
			proxyType = 1;
			remoteGlobalIDString = BEF31F390F352DF5000DE5D2;
			remoteInfo = extThree20XML;
		};
		42DD852613B79C4B00F13883 /* PBXContainerItemProxy */ = {
			isa = PBXContainerItemProxy;
			containerPortal = 320D7DCCE32703ACAB9A45E0 /* Three20.xcodeproj */;
			proxyType = 2;
			remoteGlobalIDString = EB9E6C6210B6A8F800DE563C;
			remoteInfo = Three20UnitTests;
		};
		42DD852913B79C4B00F13883 /* PBXContainerItemProxy */ = {
			isa = PBXContainerItemProxy;
			containerPortal = 320A2827FEC940B25BC42C60 /* Three20Core.xcodeproj */;
			proxyType = 2;
			remoteGlobalIDString = EB9E6C6210B6A8F800DE563C;
			remoteInfo = Three20CoreUnitTests;
		};
		42DD852C13B79C4B00F13883 /* PBXContainerItemProxy */ = {
			isa = PBXContainerItemProxy;
			containerPortal = 320A5A189C235877202780D0 /* Three20Network.xcodeproj */;
			proxyType = 2;
			remoteGlobalIDString = EB9E6C6210B6A8F800DE563C;
			remoteInfo = Three20NetworkUnitTests;
		};
		42DD852F13B79C4B00F13883 /* PBXContainerItemProxy */ = {
			isa = PBXContainerItemProxy;
			containerPortal = 320CC833B8AF0ACFD35E6220 /* Three20Style.xcodeproj */;
			proxyType = 2;
			remoteGlobalIDString = EB9E6C6210B6A8F800DE563C;
			remoteInfo = Three20StyleUnitTests;
		};
		42DD853213B79C4B00F13883 /* PBXContainerItemProxy */ = {
			isa = PBXContainerItemProxy;
			containerPortal = 320F2C48872C2E2C4DF86200 /* Three20UI.xcodeproj */;
			proxyType = 2;
			remoteGlobalIDString = EB9E6C6210B6A8F800DE563C;
			remoteInfo = Three20UIUnitTests;
		};
		42DD853513B79C4B00F13883 /* PBXContainerItemProxy */ = {
			isa = PBXContainerItemProxy;
			containerPortal = 3201088596B4756681693700 /* Three20UICommon.xcodeproj */;
			proxyType = 2;
			remoteGlobalIDString = EB9E6C6210B6A8F800DE563C;
			remoteInfo = Three20UICommonUnitTests;
		};
		42DD853813B79C4B00F13883 /* PBXContainerItemProxy */ = {
			isa = PBXContainerItemProxy;
			containerPortal = 320A737074758E53BA54BE90 /* Three20UINavigator.xcodeproj */;
			proxyType = 2;
			remoteGlobalIDString = EB9E6C6210B6A8F800DE563C;
			remoteInfo = Three20UINavigatorUnitTests;
		};
/* End PBXContainerItemProxy section */

/* Begin PBXFileReference section */
		3201088596B4756681693700 /* Three20UICommon.xcodeproj */ = {isa = PBXFileReference; lastKnownFileType = "wrapper.pb-project"; name = Three20UICommon.xcodeproj; path = three20/src/Three20UICommon/Three20UICommon.xcodeproj; sourceTree = SOURCE_ROOT; };
		320A2827FEC940B25BC42C60 /* Three20Core.xcodeproj */ = {isa = PBXFileReference; lastKnownFileType = "wrapper.pb-project"; name = Three20Core.xcodeproj; path = three20/src/Three20Core/Three20Core.xcodeproj; sourceTree = SOURCE_ROOT; };
		320A5A189C235877202780D0 /* Three20Network.xcodeproj */ = {isa = PBXFileReference; lastKnownFileType = "wrapper.pb-project"; name = Three20Network.xcodeproj; path = three20/src/Three20Network/Three20Network.xcodeproj; sourceTree = SOURCE_ROOT; };
		320A737074758E53BA54BE90 /* Three20UINavigator.xcodeproj */ = {isa = PBXFileReference; lastKnownFileType = "wrapper.pb-project"; name = Three20UINavigator.xcodeproj; path = three20/src/Three20UINavigator/Three20UINavigator.xcodeproj; sourceTree = SOURCE_ROOT; };
		320AF8492C47A4D819F7C450 /* QuartzCore.framework */ = {isa = PBXFileReference; lastKnownFileType = wrapper.framework; name = QuartzCore.framework; path = System/Library/Frameworks/QuartzCore.framework; sourceTree = SDKROOT; };
		320B6C86F11D9990244A9730 /* Three20.bundle */ = {isa = PBXFileReference; lastKnownFileType = "wrapper.plug-in"; name = Three20.bundle; path = three20/src/Three20.bundle; sourceTree = SOURCE_ROOT; };
		320CC833B8AF0ACFD35E6220 /* Three20Style.xcodeproj */ = {isa = PBXFileReference; lastKnownFileType = "wrapper.pb-project"; name = Three20Style.xcodeproj; path = three20/src/Three20Style/Three20Style.xcodeproj; sourceTree = SOURCE_ROOT; };
		320D7DCCE32703ACAB9A45E0 /* Three20.xcodeproj */ = {isa = PBXFileReference; lastKnownFileType = "wrapper.pb-project"; name = Three20.xcodeproj; path = three20/src/Three20/Three20.xcodeproj; sourceTree = SOURCE_ROOT; };
		320F2C48872C2E2C4DF86200 /* Three20UI.xcodeproj */ = {isa = PBXFileReference; lastKnownFileType = "wrapper.pb-project"; name = Three20UI.xcodeproj; path = three20/src/Three20UI/Three20UI.xcodeproj; sourceTree = SOURCE_ROOT; };
		42802F3B13B98E0100884489 /* NewsViewController.h */ = {isa = PBXFileReference; fileEncoding = 4; lastKnownFileType = sourcecode.c.h; name = NewsViewController.h; path = Classes/NewsViewController.h; sourceTree = "<group>"; };
		42802F3C13B98E0100884489 /* NewsViewController.m */ = {isa = PBXFileReference; fileEncoding = 4; lastKnownFileType = sourcecode.c.objc; name = NewsViewController.m; path = Classes/NewsViewController.m; sourceTree = "<group>"; };
		42802F4113B990CA00884489 /* AppDelegate.h */ = {isa = PBXFileReference; fileEncoding = 4; lastKnownFileType = sourcecode.c.h; name = AppDelegate.h; path = Classes/AppDelegate.h; sourceTree = "<group>"; };
		42802F4213B990CA00884489 /* AppDelegate.m */ = {isa = PBXFileReference; fileEncoding = 4; lastKnownFileType = sourcecode.c.objc; name = AppDelegate.m; path = Classes/AppDelegate.m; sourceTree = "<group>"; };
		42802F4613B9960500884489 /* dashboard_button_default.png */ = {isa = PBXFileReference; lastKnownFileType = image.png; path = dashboard_button_default.png; sourceTree = "<group>"; };
		42802F4713B9960500884489 /* dashboard_button_focused.png */ = {isa = PBXFileReference; lastKnownFileType = image.png; path = dashboard_button_focused.png; sourceTree = "<group>"; };
		42802F4813B9960500884489 /* facebook.png */ = {isa = PBXFileReference; lastKnownFileType = image.png; path = facebook.png; sourceTree = "<group>"; };
		42802F4913B9960500884489 /* foursquare.png */ = {isa = PBXFileReference; lastKnownFileType = image.png; path = foursquare.png; sourceTree = "<group>"; };
		42802F4A13B9960500884489 /* icon.png */ = {isa = PBXFileReference; lastKnownFileType = image.png; path = icon.png; sourceTree = "<group>"; };
		42802F4B13B9960500884489 /* icon_ad.png */ = {isa = PBXFileReference; lastKnownFileType = image.png; path = icon_ad.png; sourceTree = "<group>"; };
		42802F4C13B9960500884489 /* icon_home.png */ = {isa = PBXFileReference; lastKnownFileType = image.png; path = icon_home.png; sourceTree = "<group>"; };
		42802F4D13B9960500884489 /* icon_logo.png */ = {isa = PBXFileReference; lastKnownFileType = image.png; path = icon_logo.png; sourceTree = "<group>"; };
		42802F4E13B9960500884489 /* rss.png */ = {isa = PBXFileReference; lastKnownFileType = image.png; path = rss.png; sourceTree = "<group>"; };
		42802F4F13B9960500884489 /* twitter.png */ = {isa = PBXFileReference; lastKnownFileType = image.png; path = twitter.png; sourceTree = "<group>"; };
		42802F5013B9960500884489 /* youtube.png */ = {isa = PBXFileReference; lastKnownFileType = image.png; path = youtube.png; sourceTree = "<group>"; };
		42802F5C13B9EFBE00884489 /* MapscreenViewController.h */ = {isa = PBXFileReference; fileEncoding = 4; lastKnownFileType = sourcecode.c.h; name = MapscreenViewController.h; path = Classes/MapscreenViewController.h; sourceTree = "<group>"; };
		42802F5D13B9EFBF00884489 /* MapscreenViewController.m */ = {isa = PBXFileReference; fileEncoding = 4; lastKnownFileType = sourcecode.c.objc; name = MapscreenViewController.m; path = Classes/MapscreenViewController.m; sourceTree = "<group>"; };
		42802F5F13BA248C00884489 /* HomeViewController.h */ = {isa = PBXFileReference; fileEncoding = 4; lastKnownFileType = sourcecode.c.h; name = HomeViewController.h; path = Classes/HomeViewController.h; sourceTree = "<group>"; };
		42802F6013BA248C00884489 /* HomeViewController.m */ = {isa = PBXFileReference; fileEncoding = 4; lastKnownFileType = sourcecode.c.objc; name = HomeViewController.m; path = Classes/HomeViewController.m; sourceTree = "<group>"; };
		42802F6213BA337200884489 /* PartnersViewController.h */ = {isa = PBXFileReference; fileEncoding = 4; lastKnownFileType = sourcecode.c.h; name = PartnersViewController.h; path = Classes/PartnersViewController.h; sourceTree = "<group>"; };
		42802F6313BA337200884489 /* PartnersViewController.m */ = {isa = PBXFileReference; fileEncoding = 4; lastKnownFileType = sourcecode.c.objc; name = PartnersViewController.m; path = Classes/PartnersViewController.m; sourceTree = "<group>"; };
		42802F6413BA337200884489 /* RidersViewController.h */ = {isa = PBXFileReference; fileEncoding = 4; lastKnownFileType = sourcecode.c.h; name = RidersViewController.h; path = Classes/RidersViewController.h; sourceTree = "<group>"; };
		42802F6513BA337300884489 /* RidersViewController.m */ = {isa = PBXFileReference; fileEncoding = 4; lastKnownFileType = sourcecode.c.objc; name = RidersViewController.m; path = Classes/RidersViewController.m; sourceTree = "<group>"; };
		42802F6613BA337300884489 /* ScheduleViewController.h */ = {isa = PBXFileReference; fileEncoding = 4; lastKnownFileType = sourcecode.c.h; name = ScheduleViewController.h; path = Classes/ScheduleViewController.h; sourceTree = "<group>"; };
		42802F6713BA337300884489 /* ScheduleViewController.m */ = {isa = PBXFileReference; fileEncoding = 4; lastKnownFileType = sourcecode.c.objc; name = ScheduleViewController.m; path = Classes/ScheduleViewController.m; sourceTree = "<group>"; };
		42802F6813BA337300884489 /* SocialViewController.h */ = {isa = PBXFileReference; fileEncoding = 4; lastKnownFileType = sourcecode.c.h; name = SocialViewController.h; path = Classes/SocialViewController.h; sourceTree = "<group>"; };
		42802F6913BA337400884489 /* SocialViewController.m */ = {isa = PBXFileReference; fileEncoding = 4; lastKnownFileType = sourcecode.c.objc; name = SocialViewController.m; path = Classes/SocialViewController.m; sourceTree = "<group>"; };
		42802F6A13BA337400884489 /* VideosViewController.h */ = {isa = PBXFileReference; fileEncoding = 4; lastKnownFileType = sourcecode.c.h; name = VideosViewController.h; path = Classes/VideosViewController.h; sourceTree = "<group>"; };
		42802F6B13BA337400884489 /* VideosViewController.m */ = {isa = PBXFileReference; fileEncoding = 4; lastKnownFileType = sourcecode.c.objc; name = VideosViewController.m; path = Classes/VideosViewController.m; sourceTree = "<group>"; };
		42802F7113BB6DE000884489 /* MockDataSource.h */ = {isa = PBXFileReference; fileEncoding = 4; lastKnownFileType = sourcecode.c.h; name = MockDataSource.h; path = Classes/MockDataSource.h; sourceTree = "<group>"; };
		42802F7213BB6DE200884489 /* MockDataSource.m */ = {isa = PBXFileReference; fileEncoding = 4; lastKnownFileType = sourcecode.c.objc; name = MockDataSource.m; path = Classes/MockDataSource.m; sourceTree = "<group>"; };
		42802F7513BB75A200884489 /* events_items.xml */ = {isa = PBXFileReference; fileEncoding = 4; lastKnownFileType = text.xml; path = events_items.xml; sourceTree = "<group>"; };
		42802F7613BB75A200884489 /* news_items.xml */ = {isa = PBXFileReference; fileEncoding = 4; lastKnownFileType = text.xml; path = news_items.xml; sourceTree = "<group>"; };
		42802F7713BB75A200884489 /* partners_items.xml */ = {isa = PBXFileReference; fileEncoding = 4; lastKnownFileType = text.xml; path = partners_items.xml; sourceTree = "<group>"; };
		42802F7813BB75A200884489 /* schedule_items.xml */ = {isa = PBXFileReference; fileEncoding = 4; lastKnownFileType = text.xml; path = schedule_items.xml; sourceTree = "<group>"; };
		42802F7913BB75A200884489 /* settings.xml */ = {isa = PBXFileReference; fileEncoding = 4; lastKnownFileType = text.xml; path = settings.xml; sourceTree = "<group>"; };
		42802F8913BC708700884489 /* UIDevice-Capabilities.h */ = {isa = PBXFileReference; fileEncoding = 4; lastKnownFileType = sourcecode.c.h; path = "UIDevice-Capabilities.h"; sourceTree = "<group>"; };
		42802F8A13BC708700884489 /* UIDevice-Capabilities.m */ = {isa = PBXFileReference; fileEncoding = 4; lastKnownFileType = sourcecode.c.objc; path = "UIDevice-Capabilities.m"; sourceTree = "<group>"; };
		42802F8B13BC708700884489 /* UIDevice-Hardware.h */ = {isa = PBXFileReference; fileEncoding = 4; lastKnownFileType = sourcecode.c.h; path = "UIDevice-Hardware.h"; sourceTree = "<group>"; };
		42802F8C13BC708700884489 /* UIDevice-Hardware.m */ = {isa = PBXFileReference; fileEncoding = 4; lastKnownFileType = sourcecode.c.objc; path = "UIDevice-Hardware.m"; sourceTree = "<group>"; };
		42802F8D13BC708700884489 /* UIDevice-IOKitExtensions.h */ = {isa = PBXFileReference; fileEncoding = 4; lastKnownFileType = sourcecode.c.h; path = "UIDevice-IOKitExtensions.h"; sourceTree = "<group>"; };
		42802F8E13BC708700884489 /* UIDevice-IOKitExtensions.m */ = {isa = PBXFileReference; fileEncoding = 4; lastKnownFileType = sourcecode.c.objc; path = "UIDevice-IOKitExtensions.m"; sourceTree = "<group>"; };
		42802F8F13BC708700884489 /* UIDevice-Orientation.h */ = {isa = PBXFileReference; fileEncoding = 4; lastKnownFileType = sourcecode.c.h; path = "UIDevice-Orientation.h"; sourceTree = "<group>"; };
		42802F9013BC708700884489 /* UIDevice-Orientation.m */ = {isa = PBXFileReference; fileEncoding = 4; lastKnownFileType = sourcecode.c.objc; path = "UIDevice-Orientation.m"; sourceTree = "<group>"; };
		42802F9113BC708700884489 /* UIDevice-Reachability.h */ = {isa = PBXFileReference; fileEncoding = 4; lastKnownFileType = sourcecode.c.h; path = "UIDevice-Reachability.h"; sourceTree = "<group>"; };
		42802F9213BC708700884489 /* UIDevice-Reachability.m */ = {isa = PBXFileReference; fileEncoding = 4; lastKnownFileType = sourcecode.c.objc; path = "UIDevice-Reachability.m"; sourceTree = "<group>"; };
		42802F9813BC71A800884489 /* wwanconnect.c */ = {isa = PBXFileReference; fileEncoding = 4; lastKnownFileType = sourcecode.c.c; path = wwanconnect.c; sourceTree = "<group>"; };
		42802F9913BC71A900884489 /* wwanconnect.h */ = {isa = PBXFileReference; fileEncoding = 4; lastKnownFileType = sourcecode.c.h; path = wwanconnect.h; sourceTree = "<group>"; };
		42802F9B13BC72BA00884489 /* IOKit.framework */ = {isa = PBXFileReference; lastKnownFileType = wrapper.framework; name = IOKit.framework; path = System/Library/Frameworks/IOKit.framework; sourceTree = SDKROOT; };
		42802FA713BC736C00884489 /* SystemConfiguration.framework */ = {isa = PBXFileReference; lastKnownFileType = wrapper.framework; name = SystemConfiguration.framework; path = System/Library/Frameworks/SystemConfiguration.framework; sourceTree = SDKROOT; };
		42802FC913BCD2DC00884489 /* FeedItem.h */ = {isa = PBXFileReference; fileEncoding = 4; lastKnownFileType = sourcecode.c.h; name = FeedItem.h; path = Classes/FeedItem.h; sourceTree = "<group>"; };
		42802FCA13BCD2DD00884489 /* FeedItem.m */ = {isa = PBXFileReference; fileEncoding = 4; lastKnownFileType = sourcecode.c.objc; name = FeedItem.m; path = Classes/FeedItem.m; sourceTree = "<group>"; };
		42802FCB13BCD2DF00884489 /* RSSFeedDataModel.h */ = {isa = PBXFileReference; fileEncoding = 4; lastKnownFileType = sourcecode.c.h; name = RSSFeedDataModel.h; path = Classes/RSSFeedDataModel.h; sourceTree = "<group>"; };
		42802FCC13BCD2E100884489 /* RSSFeedDataModel.m */ = {isa = PBXFileReference; fileEncoding = 4; lastKnownFileType = sourcecode.c.objc; name = RSSFeedDataModel.m; path = Classes/RSSFeedDataModel.m; sourceTree = "<group>"; };
		42802FCD13BCD2E300884489 /* RSSFeedDataSource.h */ = {isa = PBXFileReference; fileEncoding = 4; lastKnownFileType = sourcecode.c.h; name = RSSFeedDataSource.h; path = Classes/RSSFeedDataSource.h; sourceTree = "<group>"; };
		42802FCE13BCD2E400884489 /* RSSFeedDataSource.m */ = {isa = PBXFileReference; fileEncoding = 4; lastKnownFileType = sourcecode.c.objc; name = RSSFeedDataSource.m; path = Classes/RSSFeedDataSource.m; sourceTree = "<group>"; };
		42802FCF13BCD2E500884489 /* RSSFeedParser.h */ = {isa = PBXFileReference; fileEncoding = 4; lastKnownFileType = sourcecode.c.h; name = RSSFeedParser.h; path = Classes/RSSFeedParser.h; sourceTree = "<group>"; };
		42802FD013BCD2EA00884489 /* RSSFeedParser.m */ = {isa = PBXFileReference; fileEncoding = 4; lastKnownFileType = sourcecode.c.objc; name = RSSFeedParser.m; path = Classes/RSSFeedParser.m; sourceTree = "<group>"; };
		42802FD113BCD2EB00884489 /* EventsViewController.h */ = {isa = PBXFileReference; fileEncoding = 4; lastKnownFileType = sourcecode.c.h; name = EventsViewController.h; path = Classes/EventsViewController.h; sourceTree = "<group>"; };
		42802FD213BCD2EC00884489 /* EventsViewController.m */ = {isa = PBXFileReference; fileEncoding = 4; lastKnownFileType = sourcecode.c.objc; name = EventsViewController.m; path = Classes/EventsViewController.m; sourceTree = "<group>"; };
		42802FD813BCD54D00884489 /* feeds.xml */ = {isa = PBXFileReference; fileEncoding = 4; lastKnownFileType = text.xml; path = feeds.xml; sourceTree = "<group>"; };
		4280301513BDACB500884489 /* extThree20XML.xcodeproj */ = {isa = PBXFileReference; lastKnownFileType = "wrapper.pb-project"; name = extThree20XML.xcodeproj; path = three20/src/extThree20XML/extThree20XML.xcodeproj; sourceTree = "<group>"; };
		4280309C13BDCAED00884489 /* MockPhotoSource.h */ = {isa = PBXFileReference; fileEncoding = 4; lastKnownFileType = sourcecode.c.h; name = MockPhotoSource.h; path = Classes/MockPhotoSource.h; sourceTree = "<group>"; };
		4280309D13BDCAF900884489 /* MockPhotoSource.m */ = {isa = PBXFileReference; fileEncoding = 4; lastKnownFileType = sourcecode.c.objc; name = MockPhotoSource.m; path = Classes/MockPhotoSource.m; sourceTree = "<group>"; };
		42DD84C313B797E300F13883 /* ed-pad.app */ = {isa = PBXFileReference; explicitFileType = wrapper.application; includeInIndex = 0; path = "ed-pad.app"; sourceTree = BUILT_PRODUCTS_DIR; };
		42DD84C713B797E300F13883 /* UIKit.framework */ = {isa = PBXFileReference; lastKnownFileType = wrapper.framework; name = UIKit.framework; path = System/Library/Frameworks/UIKit.framework; sourceTree = SDKROOT; };
		42DD84C913B797E300F13883 /* Foundation.framework */ = {isa = PBXFileReference; lastKnownFileType = wrapper.framework; name = Foundation.framework; path = System/Library/Frameworks/Foundation.framework; sourceTree = SDKROOT; };
		42DD84CB13B797E300F13883 /* CoreGraphics.framework */ = {isa = PBXFileReference; lastKnownFileType = wrapper.framework; name = CoreGraphics.framework; path = System/Library/Frameworks/CoreGraphics.framework; sourceTree = SDKROOT; };
		42DD84CF13B797E300F13883 /* ed-pad-Info.plist */ = {isa = PBXFileReference; lastKnownFileType = text.plist.xml; path = "ed-pad-Info.plist"; sourceTree = "<group>"; };
		42DD84D113B797E300F13883 /* en */ = {isa = PBXFileReference; lastKnownFileType = text.plist.strings; name = en; path = en.lproj/InfoPlist.strings; sourceTree = "<group>"; };
		42DD84D313B797E300F13883 /* ed-pad-Prefix.pch */ = {isa = PBXFileReference; lastKnownFileType = sourcecode.c.h; path = "ed-pad-Prefix.pch"; sourceTree = "<group>"; };
		42DD84D413B797E300F13883 /* main.m */ = {isa = PBXFileReference; lastKnownFileType = sourcecode.c.objc; path = main.m; sourceTree = "<group>"; };
/* End PBXFileReference section */

/* Begin PBXFrameworksBuildPhase section */
		42DD84C013B797E300F13883 /* Frameworks */ = {
			isa = PBXFrameworksBuildPhase;
			buildActionMask = 2147483647;
			files = (
				3201088596B4756681693705 /* libThree20UICommon.a in Frameworks */,
				320D7DCCE32703ACAB9A45E5 /* libThree20.a in Frameworks */,
				320A737074758E53BA54BE95 /* libThree20UINavigator.a in Frameworks */,
				320A2827FEC940B25BC42C65 /* libThree20Core.a in Frameworks */,
				320F2C48872C2E2C4DF86205 /* libThree20UI.a in Frameworks */,
				320AF8492C47A4D819F7C451 /* QuartzCore.framework in Frameworks */,
				320A5A189C235877202780D5 /* libThree20Network.a in Frameworks */,
				320CC833B8AF0ACFD35E6225 /* libThree20Style.a in Frameworks */,
				42DD84C813B797E300F13883 /* UIKit.framework in Frameworks */,
				42DD84CA13B797E300F13883 /* Foundation.framework in Frameworks */,
				42DD84CC13B797E300F13883 /* CoreGraphics.framework in Frameworks */,
				42802F9C13BC72BA00884489 /* IOKit.framework in Frameworks */,
				42802FA813BC736C00884489 /* SystemConfiguration.framework in Frameworks */,
			);
			runOnlyForDeploymentPostprocessing = 0;
		};
/* End PBXFrameworksBuildPhase section */

/* Begin PBXGroup section */
		3201088596B4756681693703 /* Products */ = {
			isa = PBXGroup;
			children = (
				3201088596B4756681693704 /* libThree20UICommon.a */,
				42DD853613B79C4B00F13883 /* UICommonUnitTests.octest */,
			);
			name = Products;
			sourceTree = "<group>";
		};
		320A2827FEC940B25BC42C63 /* Products */ = {
			isa = PBXGroup;
			children = (
				320A2827FEC940B25BC42C64 /* libThree20Core.a */,
				42DD852A13B79C4B00F13883 /* CoreUnitTests.octest */,
			);
			name = Products;
			sourceTree = "<group>";
		};
		320A5A189C235877202780D3 /* Products */ = {
			isa = PBXGroup;
			children = (
				320A5A189C235877202780D4 /* libThree20Network.a */,
				42DD852D13B79C4B00F13883 /* NetworkUnitTests.octest */,
			);
			name = Products;
			sourceTree = "<group>";
		};
		320A737074758E53BA54BE93 /* Products */ = {
			isa = PBXGroup;
			children = (
				320A737074758E53BA54BE94 /* libThree20UINavigator.a */,
				42DD853913B79C4B00F13883 /* UINavigatorUnitTests.octest */,
			);
			name = Products;
			sourceTree = "<group>";
		};
		320CC833B8AF0ACFD35E6223 /* Products */ = {
			isa = PBXGroup;
			children = (
				320CC833B8AF0ACFD35E6224 /* libThree20Style.a */,
				42DD853013B79C4B00F13883 /* StyleUnitTests.octest */,
			);
			name = Products;
			sourceTree = "<group>";
		};
		320D7DCCE32703ACAB9A45E3 /* Products */ = {
			isa = PBXGroup;
			children = (
				320D7DCCE32703ACAB9A45E4 /* libThree20.a */,
				42DD852713B79C4B00F13883 /* Three20UnitTests.octest */,
			);
			name = Products;
			sourceTree = "<group>";
		};
		320F2C48872C2E2C4DF86203 /* Products */ = {
			isa = PBXGroup;
			children = (
				320F2C48872C2E2C4DF86204 /* libThree20UI.a */,
				42DD853313B79C4B00F13883 /* UIUnitTests.octest */,
			);
			name = Products;
			sourceTree = "<group>";
		};
		42802F3A13B98DCE00884489 /* Classes */ = {
			isa = PBXGroup;
			children = (
				4280309C13BDCAED00884489 /* MockPhotoSource.h */,
				4280309D13BDCAF900884489 /* MockPhotoSource.m */,
				42802FC913BCD2DC00884489 /* FeedItem.h */,
				42802FCA13BCD2DD00884489 /* FeedItem.m */,
				42802FCB13BCD2DF00884489 /* RSSFeedDataModel.h */,
				42802FCC13BCD2E100884489 /* RSSFeedDataModel.m */,
				42802FCD13BCD2E300884489 /* RSSFeedDataSource.h */,
				42802FCE13BCD2E400884489 /* RSSFeedDataSource.m */,
				42802FCF13BCD2E500884489 /* RSSFeedParser.h */,
				42802FD013BCD2EA00884489 /* RSSFeedParser.m */,
				42802FD113BCD2EB00884489 /* EventsViewController.h */,
				42802FD213BCD2EC00884489 /* EventsViewController.m */,
				42802F7113BB6DE000884489 /* MockDataSource.h */,
				42802F7213BB6DE200884489 /* MockDataSource.m */,
				42802F6213BA337200884489 /* PartnersViewController.h */,
				42802F6313BA337200884489 /* PartnersViewController.m */,
				42802F6413BA337200884489 /* RidersViewController.h */,
				42802F6513BA337300884489 /* RidersViewController.m */,
				42802F6613BA337300884489 /* ScheduleViewController.h */,
				42802F6713BA337300884489 /* ScheduleViewController.m */,
				42802F6813BA337300884489 /* SocialViewController.h */,
				42802F6913BA337400884489 /* SocialViewController.m */,
				42802F6A13BA337400884489 /* VideosViewController.h */,
				42802F6B13BA337400884489 /* VideosViewController.m */,
				42802F5F13BA248C00884489 /* HomeViewController.h */,
				42802F6013BA248C00884489 /* HomeViewController.m */,
				42802F5C13B9EFBE00884489 /* MapscreenViewController.h */,
				42802F5D13B9EFBF00884489 /* MapscreenViewController.m */,
				42802F4113B990CA00884489 /* AppDelegate.h */,
				42802F4213B990CA00884489 /* AppDelegate.m */,
				42802F3B13B98E0100884489 /* NewsViewController.h */,
				42802F3C13B98E0100884489 /* NewsViewController.m */,
			);
			name = Classes;
			sourceTree = "<group>";
		};
		42802F4513B9960500884489 /* img */ = {
			isa = PBXGroup;
			children = (
				42802F4613B9960500884489 /* dashboard_button_default.png */,
				42802F4713B9960500884489 /* dashboard_button_focused.png */,
				42802F4813B9960500884489 /* facebook.png */,
				42802F4913B9960500884489 /* foursquare.png */,
				42802F4A13B9960500884489 /* icon.png */,
				42802F4B13B9960500884489 /* icon_ad.png */,
				42802F4C13B9960500884489 /* icon_home.png */,
				42802F4D13B9960500884489 /* icon_logo.png */,
				42802F4E13B9960500884489 /* rss.png */,
				42802F4F13B9960500884489 /* twitter.png */,
				42802F5013B9960500884489 /* youtube.png */,
			);
			path = img;
			sourceTree = "<group>";
		};
		42802F7413BB75A200884489 /* xml */ = {
			isa = PBXGroup;
			children = (
				42802FD813BCD54D00884489 /* feeds.xml */,
				42802F7513BB75A200884489 /* events_items.xml */,
				42802F7613BB75A200884489 /* news_items.xml */,
				42802F7713BB75A200884489 /* partners_items.xml */,
				42802F7813BB75A200884489 /* schedule_items.xml */,
				42802F7913BB75A200884489 /* settings.xml */,
			);
			path = xml;
			sourceTree = "<group>";
		};
		42802F8813BC708600884489 /* uidevice-extension */ = {
			isa = PBXGroup;
			children = (
				42802F9813BC71A800884489 /* wwanconnect.c */,
				42802F9913BC71A900884489 /* wwanconnect.h */,
				42802F8913BC708700884489 /* UIDevice-Capabilities.h */,
				42802F8A13BC708700884489 /* UIDevice-Capabilities.m */,
				42802F8B13BC708700884489 /* UIDevice-Hardware.h */,
				42802F8C13BC708700884489 /* UIDevice-Hardware.m */,
				42802F8D13BC708700884489 /* UIDevice-IOKitExtensions.h */,
				42802F8E13BC708700884489 /* UIDevice-IOKitExtensions.m */,
				42802F8F13BC708700884489 /* UIDevice-Orientation.h */,
				42802F9013BC708700884489 /* UIDevice-Orientation.m */,
				42802F9113BC708700884489 /* UIDevice-Reachability.h */,
				42802F9213BC708700884489 /* UIDevice-Reachability.m */,
			);
			path = "uidevice-extension";
			sourceTree = "<group>";
		};
		4280301613BDACB500884489 /* Products */ = {
			isa = PBXGroup;
			children = (
				4280302013BDACB600884489 /* libextThree20XML.a */,
				4280302213BDACB600884489 /* extJSONUnitTests.octest */,
			);
			name = Products;
			sourceTree = "<group>";
		};
		428030B113BDCE0400884489 /* Dependences */ = {
			isa = PBXGroup;
			children = (
				320A5A189C235877202780D0 /* Three20Network.xcodeproj */,
				320CC833B8AF0ACFD35E6220 /* Three20Style.xcodeproj */,
				3201088596B4756681693700 /* Three20UICommon.xcodeproj */,
				320D7DCCE32703ACAB9A45E0 /* Three20.xcodeproj */,
				320A737074758E53BA54BE90 /* Three20UINavigator.xcodeproj */,
				320A2827FEC940B25BC42C60 /* Three20Core.xcodeproj */,
				320F2C48872C2E2C4DF86200 /* Three20UI.xcodeproj */,
				4280301513BDACB500884489 /* extThree20XML.xcodeproj */,
			);
			name = Dependences;
			sourceTree = "<group>";
		};
		42DD84B813B797E300F13883 = {
			isa = PBXGroup;
			children = (
				42DD84CD13B797E300F13883 /* ed-pad */,
				428030B113BDCE0400884489 /* Dependences */,
				42DD84C613B797E300F13883 /* Frameworks */,
				42DD84C413B797E300F13883 /* Products */,
			);
			sourceTree = "<group>";
		};
		42DD84C413B797E300F13883 /* Products */ = {
			isa = PBXGroup;
			children = (
				42DD84C313B797E300F13883 /* ed-pad.app */,
			);
			name = Products;
			sourceTree = "<group>";
		};
		42DD84C613B797E300F13883 /* Frameworks */ = {
			isa = PBXGroup;
			children = (
				42802FA713BC736C00884489 /* SystemConfiguration.framework */,
				42802F9B13BC72BA00884489 /* IOKit.framework */,
				320AF8492C47A4D819F7C450 /* QuartzCore.framework */,
				42DD84C713B797E300F13883 /* UIKit.framework */,
				42DD84C913B797E300F13883 /* Foundation.framework */,
				42DD84CB13B797E300F13883 /* CoreGraphics.framework */,
			);
			name = Frameworks;
			sourceTree = "<group>";
		};
		42DD84CD13B797E300F13883 /* ed-pad */ = {
			isa = PBXGroup;
			children = (
				42802F8813BC708600884489 /* uidevice-extension */,
				42802F3A13B98DCE00884489 /* Classes */,
				42DD84CE13B797E300F13883 /* Supporting Files */,
			);
			path = "ed-pad";
			sourceTree = "<group>";
		};
		42DD84CE13B797E300F13883 /* Supporting Files */ = {
			isa = PBXGroup;
			children = (
				42802F7413BB75A200884489 /* xml */,
				42802F4513B9960500884489 /* img */,
				320B6C86F11D9990244A9730 /* Three20.bundle */,
				42DD84CF13B797E300F13883 /* ed-pad-Info.plist */,
				42DD84D013B797E300F13883 /* InfoPlist.strings */,
				42DD84D313B797E300F13883 /* ed-pad-Prefix.pch */,
				42DD84D413B797E300F13883 /* main.m */,
			);
			name = "Supporting Files";
			sourceTree = "<group>";
		};
/* End PBXGroup section */

/* Begin PBXNativeTarget section */
		42DD84C213B797E300F13883 /* ed-pad */ = {
			isa = PBXNativeTarget;
			buildConfigurationList = 42DD84E913B797E300F13883 /* Build configuration list for PBXNativeTarget "ed-pad" */;
			buildPhases = (
				42DD84BF13B797E300F13883 /* Sources */,
				42DD84C013B797E300F13883 /* Frameworks */,
				42DD84C113B797E300F13883 /* Resources */,
			);
			buildRules = (
			);
			dependencies = (
				3201088596B4756681693701 /* PBXTargetDependency */,
				320D7DCCE32703ACAB9A45E1 /* PBXTargetDependency */,
				320A737074758E53BA54BE91 /* PBXTargetDependency */,
				320A2827FEC940B25BC42C61 /* PBXTargetDependency */,
				320F2C48872C2E2C4DF86201 /* PBXTargetDependency */,
				320A5A189C235877202780D1 /* PBXTargetDependency */,
				4280302613BDADBE00884489 /* PBXTargetDependency */,
				320CC833B8AF0ACFD35E6221 /* PBXTargetDependency */,
			);
			name = "ed-pad";
			productName = "ed-pad";
			productReference = 42DD84C313B797E300F13883 /* ed-pad.app */;
			productType = "com.apple.product-type.application";
		};
/* End PBXNativeTarget section */

/* Begin PBXProject section */
		42DD84BA13B797E300F13883 /* Project object */ = {
			isa = PBXProject;
			buildConfigurationList = 42DD84BD13B797E300F13883 /* Build configuration list for PBXProject "ed-pad" */;
			compatibilityVersion = "Xcode 3.2";
			developmentRegion = English;
			hasScannedForEncodings = 0;
			knownRegions = (
				en,
			);
			mainGroup = 42DD84B813B797E300F13883;
			productRefGroup = 42DD84C413B797E300F13883 /* Products */;
			projectDirPath = "";
			projectReferences = (
				{
					ProductGroup = 4280301613BDACB500884489 /* Products */;
					ProjectRef = 4280301513BDACB500884489 /* extThree20XML.xcodeproj */;
				},
				{
					ProductGroup = 320D7DCCE32703ACAB9A45E3 /* Products */;
					ProjectRef = 320D7DCCE32703ACAB9A45E0 /* Three20.xcodeproj */;
				},
				{
					ProductGroup = 320A2827FEC940B25BC42C63 /* Products */;
					ProjectRef = 320A2827FEC940B25BC42C60 /* Three20Core.xcodeproj */;
				},
				{
					ProductGroup = 320A5A189C235877202780D3 /* Products */;
					ProjectRef = 320A5A189C235877202780D0 /* Three20Network.xcodeproj */;
				},
				{
					ProductGroup = 320CC833B8AF0ACFD35E6223 /* Products */;
					ProjectRef = 320CC833B8AF0ACFD35E6220 /* Three20Style.xcodeproj */;
				},
				{
					ProductGroup = 320F2C48872C2E2C4DF86203 /* Products */;
					ProjectRef = 320F2C48872C2E2C4DF86200 /* Three20UI.xcodeproj */;
				},
				{
					ProductGroup = 3201088596B4756681693703 /* Products */;
					ProjectRef = 3201088596B4756681693700 /* Three20UICommon.xcodeproj */;
				},
				{
					ProductGroup = 320A737074758E53BA54BE93 /* Products */;
					ProjectRef = 320A737074758E53BA54BE90 /* Three20UINavigator.xcodeproj */;
				},
			);
			projectRoot = "";
			targets = (
				42DD84C213B797E300F13883 /* ed-pad */,
			);
		};
/* End PBXProject section */

/* Begin PBXReferenceProxy section */
		3201088596B4756681693704 /* libThree20UICommon.a */ = {
			isa = PBXReferenceProxy;
			fileType = archive.ar;
			path = libThree20UICommon.a;
			remoteRef = 3201088596B4756681693706 /* PBXContainerItemProxy */;
			sourceTree = BUILT_PRODUCTS_DIR;
		};
		320A2827FEC940B25BC42C64 /* libThree20Core.a */ = {
			isa = PBXReferenceProxy;
			fileType = archive.ar;
			path = libThree20Core.a;
			remoteRef = 320A2827FEC940B25BC42C66 /* PBXContainerItemProxy */;
			sourceTree = BUILT_PRODUCTS_DIR;
		};
		320A5A189C235877202780D4 /* libThree20Network.a */ = {
			isa = PBXReferenceProxy;
			fileType = archive.ar;
			path = libThree20Network.a;
			remoteRef = 320A5A189C235877202780D6 /* PBXContainerItemProxy */;
			sourceTree = BUILT_PRODUCTS_DIR;
		};
		320A737074758E53BA54BE94 /* libThree20UINavigator.a */ = {
			isa = PBXReferenceProxy;
			fileType = archive.ar;
			path = libThree20UINavigator.a;
			remoteRef = 320A737074758E53BA54BE96 /* PBXContainerItemProxy */;
			sourceTree = BUILT_PRODUCTS_DIR;
		};
		320CC833B8AF0ACFD35E6224 /* libThree20Style.a */ = {
			isa = PBXReferenceProxy;
			fileType = archive.ar;
			path = libThree20Style.a;
			remoteRef = 320CC833B8AF0ACFD35E6226 /* PBXContainerItemProxy */;
			sourceTree = BUILT_PRODUCTS_DIR;
		};
		320D7DCCE32703ACAB9A45E4 /* libThree20.a */ = {
			isa = PBXReferenceProxy;
			fileType = archive.ar;
			path = libThree20.a;
			remoteRef = 320D7DCCE32703ACAB9A45E6 /* PBXContainerItemProxy */;
			sourceTree = BUILT_PRODUCTS_DIR;
		};
		320F2C48872C2E2C4DF86204 /* libThree20UI.a */ = {
			isa = PBXReferenceProxy;
			fileType = archive.ar;
			path = libThree20UI.a;
			remoteRef = 320F2C48872C2E2C4DF86206 /* PBXContainerItemProxy */;
			sourceTree = BUILT_PRODUCTS_DIR;
		};
		4280302013BDACB600884489 /* libextThree20XML.a */ = {
			isa = PBXReferenceProxy;
			fileType = archive.ar;
			path = libextThree20XML.a;
			remoteRef = 4280301F13BDACB600884489 /* PBXContainerItemProxy */;
			sourceTree = BUILT_PRODUCTS_DIR;
		};
		4280302213BDACB600884489 /* extJSONUnitTests.octest */ = {
			isa = PBXReferenceProxy;
			fileType = wrapper.cfbundle;
			path = extJSONUnitTests.octest;
			remoteRef = 4280302113BDACB600884489 /* PBXContainerItemProxy */;
			sourceTree = BUILT_PRODUCTS_DIR;
		};
		42DD852713B79C4B00F13883 /* Three20UnitTests.octest */ = {
			isa = PBXReferenceProxy;
			fileType = wrapper.cfbundle;
			path = Three20UnitTests.octest;
			remoteRef = 42DD852613B79C4B00F13883 /* PBXContainerItemProxy */;
			sourceTree = BUILT_PRODUCTS_DIR;
		};
		42DD852A13B79C4B00F13883 /* CoreUnitTests.octest */ = {
			isa = PBXReferenceProxy;
			fileType = wrapper.cfbundle;
			path = CoreUnitTests.octest;
			remoteRef = 42DD852913B79C4B00F13883 /* PBXContainerItemProxy */;
			sourceTree = BUILT_PRODUCTS_DIR;
		};
		42DD852D13B79C4B00F13883 /* NetworkUnitTests.octest */ = {
			isa = PBXReferenceProxy;
			fileType = wrapper.cfbundle;
			path = NetworkUnitTests.octest;
			remoteRef = 42DD852C13B79C4B00F13883 /* PBXContainerItemProxy */;
			sourceTree = BUILT_PRODUCTS_DIR;
		};
		42DD853013B79C4B00F13883 /* StyleUnitTests.octest */ = {
			isa = PBXReferenceProxy;
			fileType = wrapper.cfbundle;
			path = StyleUnitTests.octest;
			remoteRef = 42DD852F13B79C4B00F13883 /* PBXContainerItemProxy */;
			sourceTree = BUILT_PRODUCTS_DIR;
		};
		42DD853313B79C4B00F13883 /* UIUnitTests.octest */ = {
			isa = PBXReferenceProxy;
			fileType = wrapper.cfbundle;
			path = UIUnitTests.octest;
			remoteRef = 42DD853213B79C4B00F13883 /* PBXContainerItemProxy */;
			sourceTree = BUILT_PRODUCTS_DIR;
		};
		42DD853613B79C4B00F13883 /* UICommonUnitTests.octest */ = {
			isa = PBXReferenceProxy;
			fileType = wrapper.cfbundle;
			path = UICommonUnitTests.octest;
			remoteRef = 42DD853513B79C4B00F13883 /* PBXContainerItemProxy */;
			sourceTree = BUILT_PRODUCTS_DIR;
		};
		42DD853913B79C4B00F13883 /* UINavigatorUnitTests.octest */ = {
			isa = PBXReferenceProxy;
			fileType = wrapper.cfbundle;
			path = UINavigatorUnitTests.octest;
			remoteRef = 42DD853813B79C4B00F13883 /* PBXContainerItemProxy */;
			sourceTree = BUILT_PRODUCTS_DIR;
		};
/* End PBXReferenceProxy section */

/* Begin PBXResourcesBuildPhase section */
		42DD84C113B797E300F13883 /* Resources */ = {
			isa = PBXResourcesBuildPhase;
			buildActionMask = 2147483647;
			files = (
				320B6C86F11D9990244A9731 /* Three20.bundle in Resources */,
				42DD84D213B797E300F13883 /* InfoPlist.strings in Resources */,
				42802F5113B9960500884489 /* dashboard_button_default.png in Resources */,
				42802F5213B9960500884489 /* dashboard_button_focused.png in Resources */,
				42802F5313B9960500884489 /* facebook.png in Resources */,
				42802F5413B9960500884489 /* foursquare.png in Resources */,
				42802F5513B9960500884489 /* icon.png in Resources */,
				42802F5613B9960500884489 /* icon_ad.png in Resources */,
				42802F5713B9960500884489 /* icon_home.png in Resources */,
				42802F5813B9960500884489 /* icon_logo.png in Resources */,
				42802F5913B9960500884489 /* rss.png in Resources */,
				42802F5A13B9960500884489 /* twitter.png in Resources */,
				42802F5B13B9960500884489 /* youtube.png in Resources */,
				42802F7A13BB75A200884489 /* events_items.xml in Resources */,
				42802F7B13BB75A200884489 /* news_items.xml in Resources */,
				42802F7C13BB75A200884489 /* partners_items.xml in Resources */,
				42802F7D13BB75A200884489 /* schedule_items.xml in Resources */,
				42802F7E13BB75A200884489 /* settings.xml in Resources */,
				42802FD913BCD54D00884489 /* feeds.xml in Resources */,
			);
			runOnlyForDeploymentPostprocessing = 0;
		};
/* End PBXResourcesBuildPhase section */

/* Begin PBXSourcesBuildPhase section */
		42DD84BF13B797E300F13883 /* Sources */ = {
			isa = PBXSourcesBuildPhase;
			buildActionMask = 2147483647;
			files = (
				42DD84D513B797E300F13883 /* main.m in Sources */,
				42802F3F13B98E0100884489 /* NewsViewController.m in Sources */,
				42802F4313B990CA00884489 /* AppDelegate.m in Sources */,
				42802F5E13B9EFBF00884489 /* MapscreenViewController.m in Sources */,
				42802F6113BA248C00884489 /* HomeViewController.m in Sources */,
				42802F6C13BA337500884489 /* PartnersViewController.m in Sources */,
				42802F6D13BA337500884489 /* RidersViewController.m in Sources */,
				42802F6E13BA337500884489 /* ScheduleViewController.m in Sources */,
				42802F6F13BA337500884489 /* SocialViewController.m in Sources */,
				42802F7013BA337500884489 /* VideosViewController.m in Sources */,
				42802F7313BB6DE300884489 /* MockDataSource.m in Sources */,
				42802F9313BC708700884489 /* UIDevice-Capabilities.m in Sources */,
				42802F9413BC708700884489 /* UIDevice-Hardware.m in Sources */,
				42802F9513BC708700884489 /* UIDevice-IOKitExtensions.m in Sources */,
				42802F9613BC708700884489 /* UIDevice-Orientation.m in Sources */,
				42802F9713BC708700884489 /* UIDevice-Reachability.m in Sources */,
				42802F9A13BC71A900884489 /* wwanconnect.c in Sources */,
				42802FD313BCD2ED00884489 /* FeedItem.m in Sources */,
				42802FD413BCD2ED00884489 /* RSSFeedDataModel.m in Sources */,
				42802FD513BCD2ED00884489 /* RSSFeedDataSource.m in Sources */,
				42802FD613BCD2ED00884489 /* RSSFeedParser.m in Sources */,
				42802FD713BCD2ED00884489 /* EventsViewController.m in Sources */,
				4280309E13BDCB1900884489 /* MockPhotoSource.m in Sources */,
			);
			runOnlyForDeploymentPostprocessing = 0;
		};
/* End PBXSourcesBuildPhase section */

/* Begin PBXTargetDependency section */
		3201088596B4756681693701 /* PBXTargetDependency */ = {
			isa = PBXTargetDependency;
			name = Three20UICommon;
			targetProxy = 3201088596B4756681693702 /* PBXContainerItemProxy */;
		};
		320A2827FEC940B25BC42C61 /* PBXTargetDependency */ = {
			isa = PBXTargetDependency;
			name = Three20Core;
			targetProxy = 320A2827FEC940B25BC42C62 /* PBXContainerItemProxy */;
		};
		320A5A189C235877202780D1 /* PBXTargetDependency */ = {
			isa = PBXTargetDependency;
			name = Three20Network;
			targetProxy = 320A5A189C235877202780D2 /* PBXContainerItemProxy */;
		};
		320A737074758E53BA54BE91 /* PBXTargetDependency */ = {
			isa = PBXTargetDependency;
			name = Three20UINavigator;
			targetProxy = 320A737074758E53BA54BE92 /* PBXContainerItemProxy */;
		};
		320CC833B8AF0ACFD35E6221 /* PBXTargetDependency */ = {
			isa = PBXTargetDependency;
			name = Three20Style;
			targetProxy = 320CC833B8AF0ACFD35E6222 /* PBXContainerItemProxy */;
		};
		320D7DCCE32703ACAB9A45E1 /* PBXTargetDependency */ = {
			isa = PBXTargetDependency;
			name = Three20;
			targetProxy = 320D7DCCE32703ACAB9A45E2 /* PBXContainerItemProxy */;
		};
		320F2C48872C2E2C4DF86201 /* PBXTargetDependency */ = {
			isa = PBXTargetDependency;
			name = Three20UI;
			targetProxy = 320F2C48872C2E2C4DF86202 /* PBXContainerItemProxy */;
		};
		4280302613BDADBE00884489 /* PBXTargetDependency */ = {
			isa = PBXTargetDependency;
			name = extThree20XML;
			targetProxy = 4280302513BDADBE00884489 /* PBXContainerItemProxy */;
		};
/* End PBXTargetDependency section */

/* Begin PBXVariantGroup section */
		42DD84D013B797E300F13883 /* InfoPlist.strings */ = {
			isa = PBXVariantGroup;
			children = (
				42DD84D113B797E300F13883 /* en */,
			);
			name = InfoPlist.strings;
			sourceTree = "<group>";
		};
/* End PBXVariantGroup section */

/* Begin XCBuildConfiguration section */
		42DD84E713B797E300F13883 /* Debug */ = {
			isa = XCBuildConfiguration;
			buildSettings = {
				ARCHS = "$(ARCHS_STANDARD_32_BIT)";
				"CODE_SIGN_IDENTITY[sdk=iphoneos*]" = "iPhone Developer";
				GCC_C_LANGUAGE_STANDARD = gnu99;
				GCC_OPTIMIZATION_LEVEL = 0;
				GCC_PREPROCESSOR_DEFINITIONS = DEBUG;
				GCC_SYMBOLS_PRIVATE_EXTERN = NO;
				GCC_VERSION = com.apple.compilers.llvmgcc42;
				GCC_WARN_ABOUT_RETURN_TYPE = YES;
				GCC_WARN_UNUSED_VARIABLE = YES;
				HEADER_SEARCH_PATHS = (
					"$(BUILT_PRODUCTS_DIR)/../three20",
					"$(BUILT_PRODUCTS_DIR)/../../three20",
					three20/Build/Products/three20,
				);
				IPHONEOS_DEPLOYMENT_TARGET = 4.3;
				OTHER_LDFLAGS = "-ObjC";
				SDKROOT = iphoneos;
				TARGETED_DEVICE_FAMILY = "1,2";
			};
			name = Debug;
		};
		42DD84E813B797E300F13883 /* Release */ = {
			isa = XCBuildConfiguration;
			buildSettings = {
				ARCHS = "$(ARCHS_STANDARD_32_BIT)";
				"CODE_SIGN_IDENTITY[sdk=iphoneos*]" = "iPhone Developer";
				GCC_C_LANGUAGE_STANDARD = gnu99;
				GCC_VERSION = com.apple.compilers.llvmgcc42;
				GCC_WARN_ABOUT_RETURN_TYPE = YES;
				GCC_WARN_UNUSED_VARIABLE = YES;
				HEADER_SEARCH_PATHS = (
					"$(BUILT_PRODUCTS_DIR)/../three20",
					"$(BUILT_PRODUCTS_DIR)/../../three20",
					three20/Build/Products/three20,
				);
				IPHONEOS_DEPLOYMENT_TARGET = 4.3;
				OTHER_CFLAGS = "-DNS_BLOCK_ASSERTIONS=1";
				OTHER_LDFLAGS = "-ObjC";
				SDKROOT = iphoneos;
				TARGETED_DEVICE_FAMILY = "1,2";
			};
			name = Release;
		};
		42DD84EA13B797E300F13883 /* Debug */ = {
			isa = XCBuildConfiguration;
			buildSettings = {
				ALWAYS_SEARCH_USER_PATHS = NO;
				COPY_PHASE_STRIP = NO;
				GCC_DYNAMIC_NO_PIC = NO;
				GCC_PRECOMPILE_PREFIX_HEADER = YES;
				GCC_PREFIX_HEADER = "ed-pad/ed-pad-Prefix.pch";
				INFOPLIST_FILE = "ed-pad/ed-pad-Info.plist";
				LIBRARY_SEARCH_PATHS = (
					"$(inherited)",
					"\"$(SRCROOT)\"",
				);
				PRODUCT_NAME = "$(TARGET_NAME)";
				WRAPPER_EXTENSION = app;
			};
			name = Debug;
		};
		42DD84EB13B797E300F13883 /* Release */ = {
			isa = XCBuildConfiguration;
			buildSettings = {
				ALWAYS_SEARCH_USER_PATHS = NO;
				COPY_PHASE_STRIP = YES;
				GCC_PRECOMPILE_PREFIX_HEADER = YES;
				GCC_PREFIX_HEADER = "ed-pad/ed-pad-Prefix.pch";
				INFOPLIST_FILE = "ed-pad/ed-pad-Info.plist";
				LIBRARY_SEARCH_PATHS = (
					"$(inherited)",
					"\"$(SRCROOT)\"",
				);
				PRODUCT_NAME = "$(TARGET_NAME)";
				VALIDATE_PRODUCT = YES;
				WRAPPER_EXTENSION = app;
			};
			name = Release;
		};
/* End XCBuildConfiguration section */

/* Begin XCConfigurationList section */
		42DD84BD13B797E300F13883 /* Build configuration list for PBXProject "ed-pad" */ = {
			isa = XCConfigurationList;
			buildConfigurations = (
				42DD84E713B797E300F13883 /* Debug */,
				42DD84E813B797E300F13883 /* Release */,
			);
			defaultConfigurationIsVisible = 0;
			defaultConfigurationName = Release;
		};
		42DD84E913B797E300F13883 /* Build configuration list for PBXNativeTarget "ed-pad" */ = {
			isa = XCConfigurationList;
			buildConfigurations = (
				42DD84EA13B797E300F13883 /* Debug */,
				42DD84EB13B797E300F13883 /* Release */,
			);
			defaultConfigurationIsVisible = 0;
			defaultConfigurationName = Release;
		};
/* End XCConfigurationList section */
	};
	rootObject = 42DD84BA13B797E300F13883 /* Project object */;
}
